
Microsoft Visual Studio Solution File, Format Version 12.00
# Visual Studio Version 17
VisualStudioVersion = 17.3.32929.385
MinimumVisualStudioVersion = 10.0.40219.1
Project("{FAE04EC0-301F-11D3-BF4B-00C04F79EFBC}") = "SdetChallengeAutomation", "SdetChallengeAutomation\SdetChallengeAutomation.csproj", "{7F031399-C1F8-4575-8A94-74AACFD061F1}"
EndProject
Global
	GlobalSection(SolutionConfigurationPlatforms) = preSolution
		Debug|Any CPU = Debug|Any CPU
		Release|Any CPU = Release|Any CPU
	EndGlobalSection
	GlobalSection(ProjectConfigurationPlatforms) = postSolution
		{7F031399-C1F8-4575-8A94-74AACFD061F1}.Debug|Any CPU.ActiveCfg = Debug|Any CPU
		{7F031399-C1F8-4575-8A94-74AACFD061F1}.Debug|Any CPU.Build.0 = Debug|Any CPU
		{7F031399-C1F8-4575-8A94-74AACFD061F1}.Release|Any CPU.ActiveCfg = Release|Any CPU
		{7F031399-C1F8-4575-8A94-74AACFD061F1}.Release|Any CPU.Build.0 = Release|Any CPU
	EndGlobalSection
	GlobalSection(SolutionProperties) = preSolution
		HideSolutionNode = FALSE
	EndGlobalSection
	GlobalSection(ExtensibilityGlobals) = postSolution
		SolutionGuid = {DC1C01A3-CB33-485C-AE84-BC256FA21F11}
	EndGlobalSection
EndGlobal
